// !$*UTF8*$!
{
	archiveVersion = 1;
	classes = {
	};
	objectVersion = 46;
	objects = {

/* Begin PBXBuildFile section */
		524391311A3744670095904F /* NSAttributedString+MASizeWithFont.m in Sources */ = {isa = PBXBuildFile; fileRef = 524391061A3744670095904F /* NSAttributedString+MASizeWithFont.m */; };
		524391321A3744670095904F /* NSError+MAErrorDescription.m in Sources */ = {isa = PBXBuildFile; fileRef = 524391081A3744670095904F /* NSError+MAErrorDescription.m */; };
		524391331A3744670095904F /* NSFileManager+MATools.m in Sources */ = {isa = PBXBuildFile; fileRef = 5243910A1A3744670095904F /* NSFileManager+MATools.m */; };
		524391341A3744670095904F /* NSMutableArray+MATools.m in Sources */ = {isa = PBXBuildFile; fileRef = 5243910C1A3744670095904F /* NSMutableArray+MATools.m */; };
		524391351A3744670095904F /* NSNotificationCenter+MAKeys.m in Sources */ = {isa = PBXBuildFile; fileRef = 5243910E1A3744670095904F /* NSNotificationCenter+MAKeys.m */; };
		524391361A3744670095904F /* NSObject+MAKeyValue.m in Sources */ = {isa = PBXBuildFile; fileRef = 524391101A3744670095904F /* NSObject+MAKeyValue.m */; };
		524391371A3744670095904F /* NSString+MASizeWithFont.m in Sources */ = {isa = PBXBuildFile; fileRef = 524391121A3744670095904F /* NSString+MASizeWithFont.m */; };
		524391381A3744670095904F /* UIAlertView+MABlocks.m in Sources */ = {isa = PBXBuildFile; fileRef = 524391161A3744670095904F /* UIAlertView+MABlocks.m */; };
		524391391A3744670095904F /* UIColor+MATools.m in Sources */ = {isa = PBXBuildFile; fileRef = 524391181A3744670095904F /* UIColor+MATools.m */; };
		5243913A1A3744670095904F /* UIFont+MATools.m in Sources */ = {isa = PBXBuildFile; fileRef = 5243911A1A3744670095904F /* UIFont+MATools.m */; };
		5243913B1A3744670095904F /* UIImage+MALoading.m in Sources */ = {isa = PBXBuildFile; fileRef = 5243911C1A3744670095904F /* UIImage+MALoading.m */; };
		5243913C1A3744670095904F /* UIImage+MASimpleImages.m in Sources */ = {isa = PBXBuildFile; fileRef = 5243911E1A3744670095904F /* UIImage+MASimpleImages.m */; };
		5243913D1A3744670095904F /* UIImage+ProportionalFill.m in Sources */ = {isa = PBXBuildFile; fileRef = 524391201A3744670095904F /* UIImage+ProportionalFill.m */; };
		5243913E1A3744670095904F /* UIImage+Tint.m in Sources */ = {isa = PBXBuildFile; fileRef = 524391221A3744670095904F /* UIImage+Tint.m */; };
		5243913F1A3744670095904F /* UIView+MALibrary.m in Sources */ = {isa = PBXBuildFile; fileRef = 524391241A3744670095904F /* UIView+MALibrary.m */; };
		524391401A3744670095904F /* UIView+MARoundedCorner.m in Sources */ = {isa = PBXBuildFile; fileRef = 524391261A3744670095904F /* UIView+MARoundedCorner.m */; };
		524391411A3744670095904F /* MALocalizationEngine.m in Sources */ = {isa = PBXBuildFile; fileRef = 5243912B1A3744670095904F /* MALocalizationEngine.m */; };
		524391421A3744670095904F /* MDFastTouchesView.m in Sources */ = {isa = PBXBuildFile; fileRef = 5243912E1A3744670095904F /* MDFastTouchesView.m */; };
		524391431A3744670095904F /* MDLoadImagesManager.m in Sources */ = {isa = PBXBuildFile; fileRef = 524391301A3744670095904F /* MDLoadImagesManager.m */; };
		524391461A374AD00095904F /* UIButton+MALibrary.m in Sources */ = {isa = PBXBuildFile; fileRef = 524391451A374AD00095904F /* UIButton+MALibrary.m */; };
		5280251B18B0E0C1004307A2 /* MDAppDelegate.m in Sources */ = {isa = PBXBuildFile; fileRef = 528024F118B0E0C1004307A2 /* MDAppDelegate.m */; };
		5280251C18B0E0C1004307A2 /* MABaseSampleViewController.m in Sources */ = {isa = PBXBuildFile; fileRef = 528024F518B0E0C1004307A2 /* MABaseSampleViewController.m */; };
		5280251D18B0E0C1004307A2 /* MASmartScrollView.m in Sources */ = {isa = PBXBuildFile; fileRef = 528024F718B0E0C1004307A2 /* MASmartScrollView.m */; };
		5280251E18B0E0C1004307A2 /* MAMainViewController.m in Sources */ = {isa = PBXBuildFile; fileRef = 528024FB18B0E0C1004307A2 /* MAMainViewController.m */; };
		5280251F18B0E0C1004307A2 /* MAColorSampleViewController.m in Sources */ = {isa = PBXBuildFile; fileRef = 528024FF18B0E0C1004307A2 /* MAColorSampleViewController.m */; };
		5280252018B0E0C1004307A2 /* MAImageSampleViewController.m in Sources */ = {isa = PBXBuildFile; fileRef = 5280250218B0E0C1004307A2 /* MAImageSampleViewController.m */; };
		5280252118B0E0C1004307A2 /* InfoPlist.strings in Resources */ = {isa = PBXBuildFile; fileRef = 5280250418B0E0C1004307A2 /* InfoPlist.strings */; };
		5280252218B0E0C1004307A2 /* Images.xcassets in Resources */ = {isa = PBXBuildFile; fileRef = 5280250618B0E0C1004307A2 /* Images.xcassets */; };
		5280252418B0E0C1004307A2 /* main.m in Sources */ = {isa = PBXBuildFile; fileRef = 5280250918B0E0C1004307A2 /* main.m */; };
		52C668F3183A8798005EE0A6 /* Foundation.framework in Frameworks */ = {isa = PBXBuildFile; fileRef = 52C668F2183A8798005EE0A6 /* Foundation.framework */; };
		52C668F5183A8798005EE0A6 /* CoreGraphics.framework in Frameworks */ = {isa = PBXBuildFile; fileRef = 52C668F4183A8798005EE0A6 /* CoreGraphics.framework */; };
		52C668F7183A8798005EE0A6 /* UIKit.framework in Frameworks */ = {isa = PBXBuildFile; fileRef = 52C668F6183A8798005EE0A6 /* UIKit.framework */; };
		52DAAEF418A014B1007E8681 /* Default-568h@2x.png in Resources */ = {isa = PBXBuildFile; fileRef = 52DAAEF118A014B1007E8681 /* Default-568h@2x.png */; };
		52DAAEF518A014B1007E8681 /* Default@2x.png in Resources */ = {isa = PBXBuildFile; fileRef = 52DAAEF218A014B1007E8681 /* Default@2x.png */; };
		52DAAEF618A014B1007E8681 /* Icon.png in Resources */ = {isa = PBXBuildFile; fileRef = 52DAAEF318A014B1007E8681 /* Icon.png */; };
/* End PBXBuildFile section */

/* Begin PBXFileReference section */
		524391041A3744670095904F /* MAFoundationCategories.h */ = {isa = PBXFileReference; fileEncoding = 4; lastKnownFileType = sourcecode.c.h; path = MAFoundationCategories.h; sourceTree = "<group>"; };
		524391051A3744670095904F /* NSAttributedString+MASizeWithFont.h */ = {isa = PBXFileReference; fileEncoding = 4; lastKnownFileType = sourcecode.c.h; path = "NSAttributedString+MASizeWithFont.h"; sourceTree = "<group>"; };
		524391061A3744670095904F /* NSAttributedString+MASizeWithFont.m */ = {isa = PBXFileReference; fileEncoding = 4; lastKnownFileType = sourcecode.c.objc; path = "NSAttributedString+MASizeWithFont.m"; sourceTree = "<group>"; };
		524391071A3744670095904F /* NSError+MAErrorDescription.h */ = {isa = PBXFileReference; fileEncoding = 4; lastKnownFileType = sourcecode.c.h; path = "NSError+MAErrorDescription.h"; sourceTree = "<group>"; };
		524391081A3744670095904F /* NSError+MAErrorDescription.m */ = {isa = PBXFileReference; fileEncoding = 4; lastKnownFileType = sourcecode.c.objc; path = "NSError+MAErrorDescription.m"; sourceTree = "<group>"; };
		524391091A3744670095904F /* NSFileManager+MATools.h */ = {isa = PBXFileReference; fileEncoding = 4; lastKnownFileType = sourcecode.c.h; path = "NSFileManager+MATools.h"; sourceTree = "<group>"; };
		5243910A1A3744670095904F /* NSFileManager+MATools.m */ = {isa = PBXFileReference; fileEncoding = 4; lastKnownFileType = sourcecode.c.objc; path = "NSFileManager+MATools.m"; sourceTree = "<group>"; };
		5243910B1A3744670095904F /* NSMutableArray+MATools.h */ = {isa = PBXFileReference; fileEncoding = 4; lastKnownFileType = sourcecode.c.h; path = "NSMutableArray+MATools.h"; sourceTree = "<group>"; };
		5243910C1A3744670095904F /* NSMutableArray+MATools.m */ = {isa = PBXFileReference; fileEncoding = 4; lastKnownFileType = sourcecode.c.objc; path = "NSMutableArray+MATools.m"; sourceTree = "<group>"; };
		5243910D1A3744670095904F /* NSNotificationCenter+MAKeys.h */ = {isa = PBXFileReference; fileEncoding = 4; lastKnownFileType = sourcecode.c.h; path = "NSNotificationCenter+MAKeys.h"; sourceTree = "<group>"; };
		5243910E1A3744670095904F /* NSNotificationCenter+MAKeys.m */ = {isa = PBXFileReference; fileEncoding = 4; lastKnownFileType = sourcecode.c.objc; path = "NSNotificationCenter+MAKeys.m"; sourceTree = "<group>"; };
		5243910F1A3744670095904F /* NSObject+MAKeyValue.h */ = {isa = PBXFileReference; fileEncoding = 4; lastKnownFileType = sourcecode.c.h; path = "NSObject+MAKeyValue.h"; sourceTree = "<group>"; };
		524391101A3744670095904F /* NSObject+MAKeyValue.m */ = {isa = PBXFileReference; fileEncoding = 4; lastKnownFileType = sourcecode.c.objc; path = "NSObject+MAKeyValue.m"; sourceTree = "<group>"; };
		524391111A3744670095904F /* NSString+MASizeWithFont.h */ = {isa = PBXFileReference; fileEncoding = 4; lastKnownFileType = sourcecode.c.h; path = "NSString+MASizeWithFont.h"; sourceTree = "<group>"; };
		524391121A3744670095904F /* NSString+MASizeWithFont.m */ = {isa = PBXFileReference; fileEncoding = 4; lastKnownFileType = sourcecode.c.objc; path = "NSString+MASizeWithFont.m"; sourceTree = "<group>"; };
		524391141A3744670095904F /* MAUICategories.h */ = {isa = PBXFileReference; fileEncoding = 4; lastKnownFileType = sourcecode.c.h; path = MAUICategories.h; sourceTree = "<group>"; };
		524391151A3744670095904F /* UIAlertView+MABlocks.h */ = {isa = PBXFileReference; fileEncoding = 4; lastKnownFileType = sourcecode.c.h; path = "UIAlertView+MABlocks.h"; sourceTree = "<group>"; };
		524391161A3744670095904F /* UIAlertView+MABlocks.m */ = {isa = PBXFileReference; fileEncoding = 4; lastKnownFileType = sourcecode.c.objc; path = "UIAlertView+MABlocks.m"; sourceTree = "<group>"; };
		524391171A3744670095904F /* UIColor+MATools.h */ = {isa = PBXFileReference; fileEncoding = 4; lastKnownFileType = sourcecode.c.h; path = "UIColor+MATools.h"; sourceTree = "<group>"; };
		524391181A3744670095904F /* UIColor+MATools.m */ = {isa = PBXFileReference; fileEncoding = 4; lastKnownFileType = sourcecode.c.objc; path = "UIColor+MATools.m"; sourceTree = "<group>"; };
		524391191A3744670095904F /* UIFont+MATools.h */ = {isa = PBXFileReference; fileEncoding = 4; lastKnownFileType = sourcecode.c.h; path = "UIFont+MATools.h"; sourceTree = "<group>"; };
		5243911A1A3744670095904F /* UIFont+MATools.m */ = {isa = PBXFileReference; fileEncoding = 4; lastKnownFileType = sourcecode.c.objc; path = "UIFont+MATools.m"; sourceTree = "<group>"; };
		5243911B1A3744670095904F /* UIImage+MALoading.h */ = {isa = PBXFileReference; fileEncoding = 4; lastKnownFileType = sourcecode.c.h; path = "UIImage+MALoading.h"; sourceTree = "<group>"; };
		5243911C1A3744670095904F /* UIImage+MALoading.m */ = {isa = PBXFileReference; fileEncoding = 4; lastKnownFileType = sourcecode.c.objc; path = "UIImage+MALoading.m"; sourceTree = "<group>"; };
		5243911D1A3744670095904F /* UIImage+MASimpleImages.h */ = {isa = PBXFileReference; fileEncoding = 4; lastKnownFileType = sourcecode.c.h; path = "UIImage+MASimpleImages.h"; sourceTree = "<group>"; };
		5243911E1A3744670095904F /* UIImage+MASimpleImages.m */ = {isa = PBXFileReference; fileEncoding = 4; lastKnownFileType = sourcecode.c.objc; path = "UIImage+MASimpleImages.m"; sourceTree = "<group>"; };
		5243911F1A3744670095904F /* UIImage+ProportionalFill.h */ = {isa = PBXFileReference; fileEncoding = 4; lastKnownFileType = sourcecode.c.h; path = "UIImage+ProportionalFill.h"; sourceTree = "<group>"; };
		524391201A3744670095904F /* UIImage+ProportionalFill.m */ = {isa = PBXFileReference; fileEncoding = 4; lastKnownFileType = sourcecode.c.objc; path = "UIImage+ProportionalFill.m"; sourceTree = "<group>"; };
		524391211A3744670095904F /* UIImage+Tint.h */ = {isa = PBXFileReference; fileEncoding = 4; lastKnownFileType = sourcecode.c.h; path = "UIImage+Tint.h"; sourceTree = "<group>"; };
		524391221A3744670095904F /* UIImage+Tint.m */ = {isa = PBXFileReference; fileEncoding = 4; lastKnownFileType = sourcecode.c.objc; path = "UIImage+Tint.m"; sourceTree = "<group>"; };
		524391231A3744670095904F /* UIView+MALibrary.h */ = {isa = PBXFileReference; fileEncoding = 4; lastKnownFileType = sourcecode.c.h; path = "UIView+MALibrary.h"; sourceTree = "<group>"; };
		524391241A3744670095904F /* UIView+MALibrary.m */ = {isa = PBXFileReference; fileEncoding = 4; lastKnownFileType = sourcecode.c.objc; path = "UIView+MALibrary.m"; sourceTree = "<group>"; };
		524391251A3744670095904F /* UIView+MARoundedCorner.h */ = {isa = PBXFileReference; fileEncoding = 4; lastKnownFileType = sourcecode.c.h; path = "UIView+MARoundedCorner.h"; sourceTree = "<group>"; };
		524391261A3744670095904F /* UIView+MARoundedCorner.m */ = {isa = PBXFileReference; fileEncoding = 4; lastKnownFileType = sourcecode.c.objc; path = "UIView+MARoundedCorner.m"; sourceTree = "<group>"; };
		5243912A1A3744670095904F /* MALocalizationEngine.h */ = {isa = PBXFileReference; fileEncoding = 4; lastKnownFileType = sourcecode.c.h; path = MALocalizationEngine.h; sourceTree = "<group>"; };
		5243912B1A3744670095904F /* MALocalizationEngine.m */ = {isa = PBXFileReference; fileEncoding = 4; lastKnownFileType = sourcecode.c.objc; path = MALocalizationEngine.m; sourceTree = "<group>"; };
		5243912D1A3744670095904F /* MDFastTouchesView.h */ = {isa = PBXFileReference; fileEncoding = 4; lastKnownFileType = sourcecode.c.h; path = MDFastTouchesView.h; sourceTree = "<group>"; };
		5243912E1A3744670095904F /* MDFastTouchesView.m */ = {isa = PBXFileReference; fileEncoding = 4; lastKnownFileType = sourcecode.c.objc; path = MDFastTouchesView.m; sourceTree = "<group>"; };
		5243912F1A3744670095904F /* MDLoadImagesManager.h */ = {isa = PBXFileReference; fileEncoding = 4; lastKnownFileType = sourcecode.c.h; path = MDLoadImagesManager.h; sourceTree = "<group>"; };
		524391301A3744670095904F /* MDLoadImagesManager.m */ = {isa = PBXFileReference; fileEncoding = 4; lastKnownFileType = sourcecode.c.objc; path = MDLoadImagesManager.m; sourceTree = "<group>"; };
		524391441A374AD00095904F /* UIButton+MALibrary.h */ = {isa = PBXFileReference; fileEncoding = 4; lastKnownFileType = sourcecode.c.h; path = "UIButton+MALibrary.h"; sourceTree = "<group>"; };
		524391451A374AD00095904F /* UIButton+MALibrary.m */ = {isa = PBXFileReference; fileEncoding = 4; lastKnownFileType = sourcecode.c.objc; path = "UIButton+MALibrary.m"; sourceTree = "<group>"; };
		528024F018B0E0C1004307A2 /* MDAppDelegate.h */ = {isa = PBXFileReference; fileEncoding = 4; lastKnownFileType = sourcecode.c.h; path = MDAppDelegate.h; sourceTree = "<group>"; };
		528024F118B0E0C1004307A2 /* MDAppDelegate.m */ = {isa = PBXFileReference; fileEncoding = 4; lastKnownFileType = sourcecode.c.objc; path = MDAppDelegate.m; sourceTree = "<group>"; };
		528024F418B0E0C1004307A2 /* MABaseSampleViewController.h */ = {isa = PBXFileReference; fileEncoding = 4; lastKnownFileType = sourcecode.c.h; path = MABaseSampleViewController.h; sourceTree = "<group>"; };
		528024F518B0E0C1004307A2 /* MABaseSampleViewController.m */ = {isa = PBXFileReference; fileEncoding = 4; lastKnownFileType = sourcecode.c.objc; path = MABaseSampleViewController.m; sourceTree = "<group>"; };
		528024F618B0E0C1004307A2 /* MASmartScrollView.h */ = {isa = PBXFileReference; fileEncoding = 4; lastKnownFileType = sourcecode.c.h; path = MASmartScrollView.h; sourceTree = "<group>"; };
		528024F718B0E0C1004307A2 /* MASmartScrollView.m */ = {isa = PBXFileReference; fileEncoding = 4; lastKnownFileType = sourcecode.c.objc; path = MASmartScrollView.m; sourceTree = "<group>"; };
		528024FA18B0E0C1004307A2 /* MAMainViewController.h */ = {isa = PBXFileReference; fileEncoding = 4; lastKnownFileType = sourcecode.c.h; path = MAMainViewController.h; sourceTree = "<group>"; };
		528024FB18B0E0C1004307A2 /* MAMainViewController.m */ = {isa = PBXFileReference; fileEncoding = 4; lastKnownFileType = sourcecode.c.objc; path = MAMainViewController.m; sourceTree = "<group>"; };
		528024FE18B0E0C1004307A2 /* MAColorSampleViewController.h */ = {isa = PBXFileReference; fileEncoding = 4; lastKnownFileType = sourcecode.c.h; path = MAColorSampleViewController.h; sourceTree = "<group>"; };
		528024FF18B0E0C1004307A2 /* MAColorSampleViewController.m */ = {isa = PBXFileReference; fileEncoding = 4; lastKnownFileType = sourcecode.c.objc; path = MAColorSampleViewController.m; sourceTree = "<group>"; };
		5280250118B0E0C1004307A2 /* MAImageSampleViewController.h */ = {isa = PBXFileReference; fileEncoding = 4; lastKnownFileType = sourcecode.c.h; path = MAImageSampleViewController.h; sourceTree = "<group>"; };
		5280250218B0E0C1004307A2 /* MAImageSampleViewController.m */ = {isa = PBXFileReference; fileEncoding = 4; lastKnownFileType = sourcecode.c.objc; path = MAImageSampleViewController.m; sourceTree = "<group>"; };
		5280250518B0E0C1004307A2 /* en */ = {isa = PBXFileReference; lastKnownFileType = text.plist.strings; name = en; path = en.lproj/InfoPlist.strings; sourceTree = "<group>"; };
		5280250618B0E0C1004307A2 /* Images.xcassets */ = {isa = PBXFileReference; lastKnownFileType = folder.assetcatalog; path = Images.xcassets; sourceTree = "<group>"; };
		5280250718B0E0C1004307A2 /* iOS Library-Info.plist */ = {isa = PBXFileReference; fileEncoding = 4; lastKnownFileType = text.plist.xml; path = "iOS Library-Info.plist"; sourceTree = "<group>"; };
		5280250818B0E0C1004307A2 /* iOS Library-Prefix.pch */ = {isa = PBXFileReference; fileEncoding = 4; lastKnownFileType = sourcecode.c.h; path = "iOS Library-Prefix.pch"; sourceTree = "<group>"; };
		5280250918B0E0C1004307A2 /* main.m */ = {isa = PBXFileReference; fileEncoding = 4; lastKnownFileType = sourcecode.c.objc; path = main.m; sourceTree = "<group>"; };
		52C668EF183A8798005EE0A6 /* iOS Library.app */ = {isa = PBXFileReference; explicitFileType = wrapper.application; includeInIndex = 0; path = "iOS Library.app"; sourceTree = BUILT_PRODUCTS_DIR; };
		52C668F2183A8798005EE0A6 /* Foundation.framework */ = {isa = PBXFileReference; lastKnownFileType = wrapper.framework; name = Foundation.framework; path = System/Library/Frameworks/Foundation.framework; sourceTree = SDKROOT; };
		52C668F4183A8798005EE0A6 /* CoreGraphics.framework */ = {isa = PBXFileReference; lastKnownFileType = wrapper.framework; name = CoreGraphics.framework; path = System/Library/Frameworks/CoreGraphics.framework; sourceTree = SDKROOT; };
		52C668F6183A8798005EE0A6 /* UIKit.framework */ = {isa = PBXFileReference; lastKnownFileType = wrapper.framework; name = UIKit.framework; path = System/Library/Frameworks/UIKit.framework; sourceTree = SDKROOT; };
		52C6690B183A8798005EE0A6 /* XCTest.framework */ = {isa = PBXFileReference; lastKnownFileType = wrapper.framework; name = XCTest.framework; path = Library/Frameworks/XCTest.framework; sourceTree = DEVELOPER_DIR; };
		52DAAEF118A014B1007E8681 /* Default-568h@2x.png */ = {isa = PBXFileReference; lastKnownFileType = image.png; path = "Default-568h@2x.png"; sourceTree = "<group>"; };
		52DAAEF218A014B1007E8681 /* Default@2x.png */ = {isa = PBXFileReference; lastKnownFileType = image.png; path = "Default@2x.png"; sourceTree = "<group>"; };
		52DAAEF318A014B1007E8681 /* Icon.png */ = {isa = PBXFileReference; lastKnownFileType = image.png; path = Icon.png; sourceTree = "<group>"; };
/* End PBXFileReference section */

/* Begin PBXFrameworksBuildPhase section */
		52C668EC183A8798005EE0A6 /* Frameworks */ = {
			isa = PBXFrameworksBuildPhase;
			buildActionMask = 2147483647;
			files = (
				52C668F5183A8798005EE0A6 /* CoreGraphics.framework in Frameworks */,
				52C668F7183A8798005EE0A6 /* UIKit.framework in Frameworks */,
				52C668F3183A8798005EE0A6 /* Foundation.framework in Frameworks */,
			);
			runOnlyForDeploymentPostprocessing = 0;
		};
/* End PBXFrameworksBuildPhase section */

/* Begin PBXGroup section */
		524391011A3744670095904F /* mdlib */ = {
			isa = PBXGroup;
			children = (
				524391021A3744670095904F /* Categories */,
				524391271A3744670095904F /* Classes */,
			);
			path = mdlib;
			sourceTree = "<group>";
		};
		524391021A3744670095904F /* Categories */ = {
			isa = PBXGroup;
			children = (
				524391031A3744670095904F /* Foundation */,
				524391131A3744670095904F /* UI */,
			);
			path = Categories;
			sourceTree = "<group>";
		};
		524391031A3744670095904F /* Foundation */ = {
			isa = PBXGroup;
			children = (
				524391041A3744670095904F /* MAFoundationCategories.h */,
				524391051A3744670095904F /* NSAttributedString+MASizeWithFont.h */,
				524391061A3744670095904F /* NSAttributedString+MASizeWithFont.m */,
				524391071A3744670095904F /* NSError+MAErrorDescription.h */,
				524391081A3744670095904F /* NSError+MAErrorDescription.m */,
				524391091A3744670095904F /* NSFileManager+MATools.h */,
				5243910A1A3744670095904F /* NSFileManager+MATools.m */,
				5243910B1A3744670095904F /* NSMutableArray+MATools.h */,
				5243910C1A3744670095904F /* NSMutableArray+MATools.m */,
				5243910D1A3744670095904F /* NSNotificationCenter+MAKeys.h */,
				5243910E1A3744670095904F /* NSNotificationCenter+MAKeys.m */,
				5243910F1A3744670095904F /* NSObject+MAKeyValue.h */,
				524391101A3744670095904F /* NSObject+MAKeyValue.m */,
				524391111A3744670095904F /* NSString+MASizeWithFont.h */,
				524391121A3744670095904F /* NSString+MASizeWithFont.m */,
			);
			path = Foundation;
			sourceTree = "<group>";
		};
		524391131A3744670095904F /* UI */ = {
			isa = PBXGroup;
			children = (
				524391141A3744670095904F /* MAUICategories.h */,
				524391151A3744670095904F /* UIAlertView+MABlocks.h */,
				524391161A3744670095904F /* UIAlertView+MABlocks.m */,
				524391171A3744670095904F /* UIColor+MATools.h */,
				524391181A3744670095904F /* UIColor+MATools.m */,
				524391191A3744670095904F /* UIFont+MATools.h */,
				5243911A1A3744670095904F /* UIFont+MATools.m */,
				5243911B1A3744670095904F /* UIImage+MALoading.h */,
				5243911C1A3744670095904F /* UIImage+MALoading.m */,
				5243911D1A3744670095904F /* UIImage+MASimpleImages.h */,
				5243911E1A3744670095904F /* UIImage+MASimpleImages.m */,
				5243911F1A3744670095904F /* UIImage+ProportionalFill.h */,
				524391201A3744670095904F /* UIImage+ProportionalFill.m */,
				524391211A3744670095904F /* UIImage+Tint.h */,
				524391221A3744670095904F /* UIImage+Tint.m */,
				524391231A3744670095904F /* UIView+MALibrary.h */,
				524391241A3744670095904F /* UIView+MALibrary.m */,
				524391251A3744670095904F /* UIView+MARoundedCorner.h */,
				524391261A3744670095904F /* UIView+MARoundedCorner.m */,
				524391441A374AD00095904F /* UIButton+MALibrary.h */,
				524391451A374AD00095904F /* UIButton+MALibrary.m */,
			);
			path = UI;
			sourceTree = "<group>";
		};
		524391271A3744670095904F /* Classes */ = {
			isa = PBXGroup;
			children = (
				524391281A3744670095904F /* Foundation */,
				5243912C1A3744670095904F /* UI */,
			);
			path = Classes;
			sourceTree = "<group>";
		};
		524391281A3744670095904F /* Foundation */ = {
			isa = PBXGroup;
			children = (
				524391291A3744670095904F /* Localization */,
			);
			path = Foundation;
			sourceTree = "<group>";
		};
		524391291A3744670095904F /* Localization */ = {
			isa = PBXGroup;
			children = (
				5243912A1A3744670095904F /* MALocalizationEngine.h */,
				5243912B1A3744670095904F /* MALocalizationEngine.m */,
			);
			path = Localization;
			sourceTree = "<group>";
		};
		5243912C1A3744670095904F /* UI */ = {
			isa = PBXGroup;
			children = (
				5243912D1A3744670095904F /* MDFastTouchesView.h */,
				5243912E1A3744670095904F /* MDFastTouchesView.m */,
				5243912F1A3744670095904F /* MDLoadImagesManager.h */,
				524391301A3744670095904F /* MDLoadImagesManager.m */,
			);
			path = UI;
			sourceTree = "<group>";
		};
		528024C018B0E0C1004307A2 /* Classes */ = {
			isa = PBXGroup;
			children = (
				528024F018B0E0C1004307A2 /* MDAppDelegate.h */,
				528024F118B0E0C1004307A2 /* MDAppDelegate.m */,
				528024F218B0E0C1004307A2 /* Sample */,
				5280250318B0E0C1004307A2 /* Supporting Files */,
			);
			path = Classes;
			sourceTree = "<group>";
		};
		528024F218B0E0C1004307A2 /* Sample */ = {
			isa = PBXGroup;
			children = (
				528024F318B0E0C1004307A2 /* Base */,
				528024F818B0E0C1004307A2 /* Foundation */,
				528024F918B0E0C1004307A2 /* Main */,
				528024FC18B0E0C1004307A2 /* UI */,
			);
			path = Sample;
			sourceTree = "<group>";
		};
		528024F318B0E0C1004307A2 /* Base */ = {
			isa = PBXGroup;
			children = (
				528024F418B0E0C1004307A2 /* MABaseSampleViewController.h */,
				528024F518B0E0C1004307A2 /* MABaseSampleViewController.m */,
				528024F618B0E0C1004307A2 /* MASmartScrollView.h */,
				528024F718B0E0C1004307A2 /* MASmartScrollView.m */,
			);
			path = Base;
			sourceTree = "<group>";
		};
		528024F818B0E0C1004307A2 /* Foundation */ = {
			isa = PBXGroup;
			children = (
			);
			path = Foundation;
			sourceTree = "<group>";
		};
		528024F918B0E0C1004307A2 /* Main */ = {
			isa = PBXGroup;
			children = (
				528024FA18B0E0C1004307A2 /* MAMainViewController.h */,
				528024FB18B0E0C1004307A2 /* MAMainViewController.m */,
			);
			path = Main;
			sourceTree = "<group>";
		};
		528024FC18B0E0C1004307A2 /* UI */ = {
			isa = PBXGroup;
			children = (
				528024FD18B0E0C1004307A2 /* UIColor */,
				5280250018B0E0C1004307A2 /* UIImage */,
			);
			path = UI;
			sourceTree = "<group>";
		};
		528024FD18B0E0C1004307A2 /* UIColor */ = {
			isa = PBXGroup;
			children = (
				528024FE18B0E0C1004307A2 /* MAColorSampleViewController.h */,
				528024FF18B0E0C1004307A2 /* MAColorSampleViewController.m */,
			);
			path = UIColor;
			sourceTree = "<group>";
		};
		5280250018B0E0C1004307A2 /* UIImage */ = {
			isa = PBXGroup;
			children = (
				5280250118B0E0C1004307A2 /* MAImageSampleViewController.h */,
				5280250218B0E0C1004307A2 /* MAImageSampleViewController.m */,
			);
			path = UIImage;
			sourceTree = "<group>";
		};
		5280250318B0E0C1004307A2 /* Supporting Files */ = {
			isa = PBXGroup;
			children = (
				5280250418B0E0C1004307A2 /* InfoPlist.strings */,
				5280250618B0E0C1004307A2 /* Images.xcassets */,
				5280250718B0E0C1004307A2 /* iOS Library-Info.plist */,
				5280250818B0E0C1004307A2 /* iOS Library-Prefix.pch */,
				5280250918B0E0C1004307A2 /* main.m */,
			);
			path = "Supporting Files";
			sourceTree = "<group>";
		};
		52C668E6183A8798005EE0A6 = {
			isa = PBXGroup;
			children = (
				524391011A3744670095904F /* mdlib */,
				528024C018B0E0C1004307A2 /* Classes */,
				52DAAEF018A014B1007E8681 /* Resources */,
				52C668F1183A8798005EE0A6 /* Frameworks */,
				52C668F0183A8798005EE0A6 /* Products */,
			);
			sourceTree = "<group>";
		};
		52C668F0183A8798005EE0A6 /* Products */ = {
			isa = PBXGroup;
			children = (
				52C668EF183A8798005EE0A6 /* iOS Library.app */,
			);
			name = Products;
			sourceTree = "<group>";
		};
		52C668F1183A8798005EE0A6 /* Frameworks */ = {
			isa = PBXGroup;
			children = (
				52C668F2183A8798005EE0A6 /* Foundation.framework */,
				52C668F4183A8798005EE0A6 /* CoreGraphics.framework */,
				52C668F6183A8798005EE0A6 /* UIKit.framework */,
				52C6690B183A8798005EE0A6 /* XCTest.framework */,
			);
			name = Frameworks;
			sourceTree = "<group>";
		};
		52DAAEF018A014B1007E8681 /* Resources */ = {
			isa = PBXGroup;
			children = (
				52DAAEF118A014B1007E8681 /* Default-568h@2x.png */,
				52DAAEF218A014B1007E8681 /* Default@2x.png */,
				52DAAEF318A014B1007E8681 /* Icon.png */,
			);
			path = Resources;
			sourceTree = "<group>";
		};
/* End PBXGroup section */

/* Begin PBXNativeTarget section */
		52C668EE183A8798005EE0A6 /* iOS Library */ = {
			isa = PBXNativeTarget;
			buildConfigurationList = 52C6691B183A8798005EE0A6 /* Build configuration list for PBXNativeTarget "iOS Library" */;
			buildPhases = (
				52C668EB183A8798005EE0A6 /* Sources */,
				52C668EC183A8798005EE0A6 /* Frameworks */,
				52C668ED183A8798005EE0A6 /* Resources */,
				1F1A93D9183E023B00DBC028 /* ShellScript */,
			);
			buildRules = (
			);
			dependencies = (
			);
			name = "iOS Library";
			productName = "iOS Library";
			productReference = 52C668EF183A8798005EE0A6 /* iOS Library.app */;
			productType = "com.apple.product-type.application";
		};
/* End PBXNativeTarget section */

/* Begin PBXProject section */
		52C668E7183A8798005EE0A6 /* Project object */ = {
			isa = PBXProject;
			attributes = {
				CLASSPREFIX = MA;
				LastUpgradeCheck = 0500;
				ORGANIZATIONNAME = Moqod;
			};
			buildConfigurationList = 52C668EA183A8798005EE0A6 /* Build configuration list for PBXProject "iOS Library" */;
			compatibilityVersion = "Xcode 3.2";
			developmentRegion = English;
			hasScannedForEncodings = 0;
			knownRegions = (
				en,
			);
			mainGroup = 52C668E6183A8798005EE0A6;
			productRefGroup = 52C668F0183A8798005EE0A6 /* Products */;
			projectDirPath = "";
			projectRoot = "";
			targets = (
				52C668EE183A8798005EE0A6 /* iOS Library */,
			);
		};
/* End PBXProject section */

/* Begin PBXResourcesBuildPhase section */
		52C668ED183A8798005EE0A6 /* Resources */ = {
			isa = PBXResourcesBuildPhase;
			buildActionMask = 2147483647;
			files = (
				52DAAEF518A014B1007E8681 /* Default@2x.png in Resources */,
				5280252218B0E0C1004307A2 /* Images.xcassets in Resources */,
				5280252118B0E0C1004307A2 /* InfoPlist.strings in Resources */,
				52DAAEF618A014B1007E8681 /* Icon.png in Resources */,
				52DAAEF418A014B1007E8681 /* Default-568h@2x.png in Resources */,
			);
			runOnlyForDeploymentPostprocessing = 0;
		};
/* End PBXResourcesBuildPhase section */

/* Begin PBXShellScriptBuildPhase section */
		1F1A93D9183E023B00DBC028 /* ShellScript */ = {
			isa = PBXShellScriptBuildPhase;
			buildActionMask = 2147483647;
			files = (
			);
			inputPaths = (
			);
			outputPaths = (
			);
			runOnlyForDeploymentPostprocessing = 0;
			shellPath = /bin/sh;
			shellScript = "";
		};
/* End PBXShellScriptBuildPhase section */

/* Begin PBXSourcesBuildPhase section */
		52C668EB183A8798005EE0A6 /* Sources */ = {
			isa = PBXSourcesBuildPhase;
			buildActionMask = 2147483647;
			files = (
				524391431A3744670095904F /* MDLoadImagesManager.m in Sources */,
				524391401A3744670095904F /* UIView+MARoundedCorner.m in Sources */,
				5243913C1A3744670095904F /* UIImage+MASimpleImages.m in Sources */,
				5243913D1A3744670095904F /* UIImage+ProportionalFill.m in Sources */,
				5280252018B0E0C1004307A2 /* MAImageSampleViewController.m in Sources */,
				524391371A3744670095904F /* NSString+MASizeWithFont.m in Sources */,
				5243913B1A3744670095904F /* UIImage+MALoading.m in Sources */,
				5243913A1A3744670095904F /* UIFont+MATools.m in Sources */,
				5280251F18B0E0C1004307A2 /* MAColorSampleViewController.m in Sources */,
				524391391A3744670095904F /* UIColor+MATools.m in Sources */,
				524391381A3744670095904F /* UIAlertView+MABlocks.m in Sources */,
				524391351A3744670095904F /* NSNotificationCenter+MAKeys.m in Sources */,
				5280251B18B0E0C1004307A2 /* MDAppDelegate.m in Sources */,
				524391361A3744670095904F /* NSObject+MAKeyValue.m in Sources */,
				524391321A3744670095904F /* NSError+MAErrorDescription.m in Sources */,
				524391421A3744670095904F /* MDFastTouchesView.m in Sources */,
				524391331A3744670095904F /* NSFileManager+MATools.m in Sources */,
				5280251E18B0E0C1004307A2 /* MAMainViewController.m in Sources */,
				5243913E1A3744670095904F /* UIImage+Tint.m in Sources */,
				524391341A3744670095904F /* NSMutableArray+MATools.m in Sources */,
				5280251D18B0E0C1004307A2 /* MASmartScrollView.m in Sources */,
				5243913F1A3744670095904F /* UIView+MALibrary.m in Sources */,
				524391311A3744670095904F /* NSAttributedString+MASizeWithFont.m in Sources */,
				5280252418B0E0C1004307A2 /* main.m in Sources */,
				524391461A374AD00095904F /* UIButton+MALibrary.m in Sources */,
				524391411A3744670095904F /* MALocalizationEngine.m in Sources */,
				5280251C18B0E0C1004307A2 /* MABaseSampleViewController.m in Sources */,
			);
			runOnlyForDeploymentPostprocessing = 0;
		};
/* End PBXSourcesBuildPhase section */

/* Begin PBXVariantGroup section */
		5280250418B0E0C1004307A2 /* InfoPlist.strings */ = {
			isa = PBXVariantGroup;
			children = (
				5280250518B0E0C1004307A2 /* en */,
			);
			name = InfoPlist.strings;
			sourceTree = "<group>";
		};
/* End PBXVariantGroup section */

/* Begin XCBuildConfiguration section */
		52C66919183A8798005EE0A6 /* Debug */ = {
			isa = XCBuildConfiguration;
			buildSettings = {
				ALWAYS_SEARCH_USER_PATHS = NO;
				ARCHS = "$(ARCHS_STANDARD_INCLUDING_64_BIT)";
				CLANG_CXX_LANGUAGE_STANDARD = "gnu++0x";
				CLANG_CXX_LIBRARY = "libc++";
				CLANG_ENABLE_MODULES = YES;
				CLANG_ENABLE_OBJC_ARC = NO;
				CLANG_WARN_BOOL_CONVERSION = YES;
				CLANG_WARN_CONSTANT_CONVERSION = YES;
				CLANG_WARN_DIRECT_OBJC_ISA_USAGE = YES_ERROR;
				CLANG_WARN_EMPTY_BODY = YES;
				CLANG_WARN_ENUM_CONVERSION = YES;
				CLANG_WARN_INT_CONVERSION = YES;
				CLANG_WARN_OBJC_ROOT_CLASS = YES_ERROR;
				CLANG_WARN__DUPLICATE_METHOD_MATCH = YES;
				"CODE_SIGN_IDENTITY[sdk=iphoneos*]" = "iPhone Developer";
				COPY_PHASE_STRIP = NO;
				GCC_C_LANGUAGE_STANDARD = gnu99;
				GCC_DYNAMIC_NO_PIC = NO;
				GCC_OPTIMIZATION_LEVEL = 0;
				GCC_PREPROCESSOR_DEFINITIONS = (
					"DEBUG=1",
					"$(inherited)",
				);
				GCC_SYMBOLS_PRIVATE_EXTERN = NO;
				GCC_WARN_64_TO_32_BIT_CONVERSION = YES;
				GCC_WARN_ABOUT_RETURN_TYPE = YES_ERROR;
				GCC_WARN_UNDECLARED_SELECTOR = YES;
				GCC_WARN_UNINITIALIZED_AUTOS = YES;
				GCC_WARN_UNUSED_FUNCTION = YES;
				GCC_WARN_UNUSED_VARIABLE = YES;
				IPHONEOS_DEPLOYMENT_TARGET = 7.0;
				ONLY_ACTIVE_ARCH = YES;
				SDKROOT = iphoneos;
				TARGETED_DEVICE_FAMILY = "1,2";
			};
			name = Debug;
		};
		52C6691A183A8798005EE0A6 /* Release */ = {
			isa = XCBuildConfiguration;
			buildSettings = {
				ALWAYS_SEARCH_USER_PATHS = NO;
				ARCHS = "$(ARCHS_STANDARD_INCLUDING_64_BIT)";
				CLANG_CXX_LANGUAGE_STANDARD = "gnu++0x";
				CLANG_CXX_LIBRARY = "libc++";
				CLANG_ENABLE_MODULES = YES;
				CLANG_ENABLE_OBJC_ARC = NO;
				CLANG_WARN_BOOL_CONVERSION = YES;
				CLANG_WARN_CONSTANT_CONVERSION = YES;
				CLANG_WARN_DIRECT_OBJC_ISA_USAGE = YES_ERROR;
				CLANG_WARN_EMPTY_BODY = YES;
				CLANG_WARN_ENUM_CONVERSION = YES;
				CLANG_WARN_INT_CONVERSION = YES;
				CLANG_WARN_OBJC_ROOT_CLASS = YES_ERROR;
				CLANG_WARN__DUPLICATE_METHOD_MATCH = YES;
				"CODE_SIGN_IDENTITY[sdk=iphoneos*]" = "iPhone Developer";
				COPY_PHASE_STRIP = YES;
				ENABLE_NS_ASSERTIONS = NO;
				GCC_C_LANGUAGE_STANDARD = gnu99;
				GCC_WARN_64_TO_32_BIT_CONVERSION = YES;
				GCC_WARN_ABOUT_RETURN_TYPE = YES_ERROR;
				GCC_WARN_UNDECLARED_SELECTOR = YES;
				GCC_WARN_UNINITIALIZED_AUTOS = YES;
				GCC_WARN_UNUSED_FUNCTION = YES;
				GCC_WARN_UNUSED_VARIABLE = YES;
				IPHONEOS_DEPLOYMENT_TARGET = 7.0;
				SDKROOT = iphoneos;
				TARGETED_DEVICE_FAMILY = "1,2";
				VALIDATE_PRODUCT = YES;
			};
			name = Release;
		};
		52C6691C183A8798005EE0A6 /* Debug */ = {
			isa = XCBuildConfiguration;
			buildSettings = {
				CLANG_ENABLE_OBJC_ARC = NO;
				GCC_PRECOMPILE_PREFIX_HEADER = YES;
				GCC_PREFIX_HEADER = "Classes/Supporting Files/iOS Library-Prefix.pch";
				INFOPLIST_FILE = "Classes/Supporting Files/iOS Library-Info.plist";
				IPHONEOS_DEPLOYMENT_TARGET = 7.0;
				PRODUCT_NAME = "$(TARGET_NAME)";
				TARGETED_DEVICE_FAMILY = 1;
				WRAPPER_EXTENSION = app;
			};
			name = Debug;
		};
		52C6691D183A8798005EE0A6 /* Release */ = {
			isa = XCBuildConfiguration;
			buildSettings = {
				CLANG_ENABLE_OBJC_ARC = NO;
				GCC_PRECOMPILE_PREFIX_HEADER = YES;
				GCC_PREFIX_HEADER = "Classes/Supporting Files/iOS Library-Prefix.pch";
				INFOPLIST_FILE = "Classes/Supporting Files/iOS Library-Info.plist";
				IPHONEOS_DEPLOYMENT_TARGET = 7.0;
				PRODUCT_NAME = "$(TARGET_NAME)";
				TARGETED_DEVICE_FAMILY = 1;
				WRAPPER_EXTENSION = app;
			};
			name = Release;
		};
/* End XCBuildConfiguration section */

/* Begin XCConfigurationList section */
		52C668EA183A8798005EE0A6 /* Build configuration list for PBXProject "iOS Library" */ = {
			isa = XCConfigurationList;
			buildConfigurations = (
				52C66919183A8798005EE0A6 /* Debug */,
				52C6691A183A8798005EE0A6 /* Release */,
			);
			defaultConfigurationIsVisible = 0;
			defaultConfigurationName = Release;
		};
		52C6691B183A8798005EE0A6 /* Build configuration list for PBXNativeTarget "iOS Library" */ = {
			isa = XCConfigurationList;
			buildConfigurations = (
				52C6691C183A8798005EE0A6 /* Debug */,
				52C6691D183A8798005EE0A6 /* Release */,
			);
			defaultConfigurationIsVisible = 0;
			defaultConfigurationName = Release;
		};
/* End XCConfigurationList section */
	};
	rootObject = 52C668E7183A8798005EE0A6 /* Project object */;
}
